
Microsoft Visual Studio Solution File, Format Version 12.00
# Visual Studio 2012
Project("{FAE04EC0-301F-11D3-BF4B-00C04F79EFBC}") = "WebSiteVanGia", "WebSiteVanGia\WebSiteVanGia.csproj", "{919AE677-51C2-4F36-B661-66508B85C75C}"
EndProject
Global
	GlobalSection(SolutionConfigurationPlatforms) = preSolution
		Debug|Any CPU = Debug|Any CPU
		Release|Any CPU = Release|Any CPU
	EndGlobalSection
	GlobalSection(ProjectConfigurationPlatforms) = postSolution
		{919AE677-51C2-4F36-B661-66508B85C75C}.Debug|Any CPU.ActiveCfg = Debug|Any CPU
		{919AE677-51C2-4F36-B661-66508B85C75C}.Debug|Any CPU.Build.0 = Debug|Any CPU
		{919AE677-51C2-4F36-B661-66508B85C75C}.Release|Any CPU.ActiveCfg = Release|Any CPU
		{919AE677-51C2-4F36-B661-66508B85C75C}.Release|Any CPU.Build.0 = Release|Any CPU
	EndGlobalSection
	GlobalSection(SolutionProperties) = preSolution
		HideSolutionNode = FALSE
	EndGlobalSection
EndGlobal
